
Microsoft Visual Studio Solution File, Format Version 12.00
# Visual Studio 15
VisualStudioVersion = 15.0.26228.10
MinimumVisualStudioVersion = 10.0.40219.1
Project("{2150E333-8FDC-42A3-9474-1A3956D46DE8}") = ".paket", ".paket", "{F2379A68-213A-47FD-8035-A16A22DB8906}"
	ProjectSection(SolutionItems) = preProject
		paket.dependencies = paket.dependencies
	EndProjectSection
EndProject
Project("{F2A71F9B-5D33-465A-A702-920D77279786}") = "Audimail", "Audimail\Audimail.fsproj", "{0AB021AC-081F-4CA6-B351-72F9F097CB8C}"
EndProject
Project("{F2A71F9B-5D33-465A-A702-920D77279786}") = "Audimail.Test", "Audimail.Test\Audimail.Test.fsproj", "{33F36E3D-6306-4235-9260-F3A7C9DE9245}"
EndProject
Global
	GlobalSection(SolutionConfigurationPlatforms) = preSolution
		Debug|Any CPU = Debug|Any CPU
		Release|Any CPU = Release|Any CPU
	EndGlobalSection
	GlobalSection(ProjectConfigurationPlatforms) = postSolution
		{0AB021AC-081F-4CA6-B351-72F9F097CB8C}.Debug|Any CPU.ActiveCfg = Debug|Any CPU
		{0AB021AC-081F-4CA6-B351-72F9F097CB8C}.Debug|Any CPU.Build.0 = Debug|Any CPU
		{0AB021AC-081F-4CA6-B351-72F9F097CB8C}.Release|Any CPU.ActiveCfg = Release|Any CPU
		{0AB021AC-081F-4CA6-B351-72F9F097CB8C}.Release|Any CPU.Build.0 = Release|Any CPU
		{33F36E3D-6306-4235-9260-F3A7C9DE9245}.Debug|Any CPU.ActiveCfg = Debug|Any CPU
		{33F36E3D-6306-4235-9260-F3A7C9DE9245}.Debug|Any CPU.Build.0 = Debug|Any CPU
		{33F36E3D-6306-4235-9260-F3A7C9DE9245}.Release|Any CPU.ActiveCfg = Release|Any CPU
		{33F36E3D-6306-4235-9260-F3A7C9DE9245}.Release|Any CPU.Build.0 = Release|Any CPU
	EndGlobalSection
	GlobalSection(SolutionProperties) = preSolution
		HideSolutionNode = FALSE
	EndGlobalSection
EndGlobal
